
Microsoft Visual Studio Solution File, Format Version 12.00
# Visual Studio 2013
VisualStudioVersion = 12.0.40629.0
MinimumVisualStudioVersion = 10.0.40219.1
Project("{FAE04EC0-301F-11D3-BF4B-00C04F79EFBC}") = "01.App_Web", "01.App_Web\01.App_Web.csproj", "{AC82BE79-FE28-4879-AB83-523E979FA502}"
EndProject
Global
	GlobalSection(SolutionConfigurationPlatforms) = preSolution
		Debug|Any CPU = Debug|Any CPU
		Release|Any CPU = Release|Any CPU
	EndGlobalSection
	GlobalSection(ProjectConfigurationPlatforms) = postSolution
		{AC82BE79-FE28-4879-AB83-523E979FA502}.Debug|Any CPU.ActiveCfg = Debug|Any CPU
		{AC82BE79-FE28-4879-AB83-523E979FA502}.Debug|Any CPU.Build.0 = Debug|Any CPU
		{AC82BE79-FE28-4879-AB83-523E979FA502}.Release|Any CPU.ActiveCfg = Release|Any CPU
		{AC82BE79-FE28-4879-AB83-523E979FA502}.Release|Any CPU.Build.0 = Release|Any CPU
	EndGlobalSection
	GlobalSection(SolutionProperties) = preSolution
		HideSolutionNode = FALSE
	EndGlobalSection
EndGlobal
